
Microsoft Visual Studio Solution File, Format Version 11.00
# Visual C++ Express 2010
Project("{8BC9CEB8-8B4A-11D0-8D11-00A0C91BC942}") = "window and input", "window and input\window and input.vcxproj", "{1C805D0B-E8B0-4FC8-A4EC-E2794F010D63}"
EndProject
Global
	GlobalSection(SolutionConfigurationPlatforms) = preSolution
		Debug|Win32 = Debug|Win32
		Release|Win32 = Release|Win32
	EndGlobalSection
	GlobalSection(ProjectConfigurationPlatforms) = postSolution
		{1C805D0B-E8B0-4FC8-A4EC-E2794F010D63}.Debug|Win32.ActiveCfg = Debug|Win32
		{1C805D0B-E8B0-4FC8-A4EC-E2794F010D63}.Debug|Win32.Build.0 = Debug|Win32
		{1C805D0B-E8B0-4FC8-A4EC-E2794F010D63}.Release|Win32.ActiveCfg = Release|Win32
		{1C805D0B-E8B0-4FC8-A4EC-E2794F010D63}.Release|Win32.Build.0 = Release|Win32
	EndGlobalSection
	GlobalSection(SolutionProperties) = preSolution
		HideSolutionNode = FALSE
	EndGlobalSection
EndGlobal
